
Microsoft Visual Studio Solution File, Format Version 12.00
# Visual Studio 15
VisualStudioVersion = 15.0.27428.2027
MinimumVisualStudioVersion = 10.0.40219.1
Project("{FAE04EC0-301F-11D3-BF4B-00C04F79EFBC}") = "ListviewTest.Android", "ListviewTest\ListviewTest.Android\ListviewTest.Android.csproj", "{98D77392-A1C1-4AB8-AE5A-E1A3B3943727}"
EndProject
Project("{FAE04EC0-301F-11D3-BF4B-00C04F79EFBC}") = "ListviewTest.iOS", "ListviewTest\ListviewTest.iOS\ListviewTest.iOS.csproj", "{CCE6D8CD-AF66-4A68-ACB0-B1E24A5C15EA}"
EndProject
Project("{FAE04EC0-301F-11D3-BF4B-00C04F79EFBC}") = "ListviewTest", "ListviewTest\ListviewTest\ListviewTest.csproj", "{3023A8CE-2FA3-4A5E-A220-35BA785F8171}"
EndProject
Global
	GlobalSection(SolutionConfigurationPlatforms) = preSolution
		Ad-Hoc|Any CPU = Ad-Hoc|Any CPU
		Ad-Hoc|iPhone = Ad-Hoc|iPhone
		Ad-Hoc|iPhoneSimulator = Ad-Hoc|iPhoneSimulator
		AppStore|Any CPU = AppStore|Any CPU
		AppStore|iPhone = AppStore|iPhone
		AppStore|iPhoneSimulator = AppStore|iPhoneSimulator
		Debug|Any CPU = Debug|Any CPU
		Debug|iPhone = Debug|iPhone
		Debug|iPhoneSimulator = Debug|iPhoneSimulator
		Release|Any CPU = Release|Any CPU
		Release|iPhone = Release|iPhone
		Release|iPhoneSimulator = Release|iPhoneSimulator
	EndGlobalSection
	GlobalSection(ProjectConfigurationPlatforms) = postSolution
		{98D77392-A1C1-4AB8-AE5A-E1A3B3943727}.Ad-Hoc|Any CPU.ActiveCfg = Release|Any CPU
		{98D77392-A1C1-4AB8-AE5A-E1A3B3943727}.Ad-Hoc|Any CPU.Build.0 = Release|Any CPU
		{98D77392-A1C1-4AB8-AE5A-E1A3B3943727}.Ad-Hoc|Any CPU.Deploy.0 = Release|Any CPU
		{98D77392-A1C1-4AB8-AE5A-E1A3B3943727}.Ad-Hoc|iPhone.ActiveCfg = Release|Any CPU
		{98D77392-A1C1-4AB8-AE5A-E1A3B3943727}.Ad-Hoc|iPhone.Build.0 = Release|Any CPU
		{98D77392-A1C1-4AB8-AE5A-E1A3B3943727}.Ad-Hoc|iPhone.Deploy.0 = Release|Any CPU
		{98D77392-A1C1-4AB8-AE5A-E1A3B3943727}.Ad-Hoc|iPhoneSimulator.ActiveCfg = Release|Any CPU
		{98D77392-A1C1-4AB8-AE5A-E1A3B3943727}.Ad-Hoc|iPhoneSimulator.Build.0 = Release|Any CPU
		{98D77392-A1C1-4AB8-AE5A-E1A3B3943727}.Ad-Hoc|iPhoneSimulator.Deploy.0 = Release|Any CPU
		{98D77392-A1C1-4AB8-AE5A-E1A3B3943727}.AppStore|Any CPU.ActiveCfg = Release|Any CPU
		{98D77392-A1C1-4AB8-AE5A-E1A3B3943727}.AppStore|Any CPU.Build.0 = Release|Any CPU
		{98D77392-A1C1-4AB8-AE5A-E1A3B3943727}.AppStore|Any CPU.Deploy.0 = Release|Any CPU
		{98D77392-A1C1-4AB8-AE5A-E1A3B3943727}.AppStore|iPhone.ActiveCfg = Release|Any CPU
		{98D77392-A1C1-4AB8-AE5A-E1A3B3943727}.AppStore|iPhone.Build.0 = Release|Any CPU
		{98D77392-A1C1-4AB8-AE5A-E1A3B3943727}.AppStore|iPhone.Deploy.0 = Release|Any CPU
		{98D77392-A1C1-4AB8-AE5A-E1A3B3943727}.AppStore|iPhoneSimulator.ActiveCfg = Release|Any CPU
		{98D77392-A1C1-4AB8-AE5A-E1A3B3943727}.AppStore|iPhoneSimulator.Build.0 = Release|Any CPU
		{98D77392-A1C1-4AB8-AE5A-E1A3B3943727}.AppStore|iPhoneSimulator.Deploy.0 = Release|Any CPU
		{98D77392-A1C1-4AB8-AE5A-E1A3B3943727}.Debug|Any CPU.ActiveCfg = Debug|Any CPU
		{98D77392-A1C1-4AB8-AE5A-E1A3B3943727}.Debug|Any CPU.Build.0 = Debug|Any CPU
		{98D77392-A1C1-4AB8-AE5A-E1A3B3943727}.Debug|Any CPU.Deploy.0 = Debug|Any CPU
		{98D77392-A1C1-4AB8-AE5A-E1A3B3943727}.Debug|iPhone.ActiveCfg = Debug|Any CPU
		{98D77392-A1C1-4AB8-AE5A-E1A3B3943727}.Debug|iPhone.Build.0 = Debug|Any CPU
		{98D77392-A1C1-4AB8-AE5A-E1A3B3943727}.Debug|iPhone.Deploy.0 = Debug|Any CPU
		{98D77392-A1C1-4AB8-AE5A-E1A3B3943727}.Debug|iPhoneSimulator.ActiveCfg = Debug|Any CPU
		{98D77392-A1C1-4AB8-AE5A-E1A3B3943727}.Debug|iPhoneSimulator.Build.0 = Debug|Any CPU
		{98D77392-A1C1-4AB8-AE5A-E1A3B3943727}.Debug|iPhoneSimulator.Deploy.0 = Debug|Any CPU
		{98D77392-A1C1-4AB8-AE5A-E1A3B3943727}.Release|Any CPU.ActiveCfg = Release|Any CPU
		{98D77392-A1C1-4AB8-AE5A-E1A3B3943727}.Release|Any CPU.Build.0 = Release|Any CPU
		{98D77392-A1C1-4AB8-AE5A-E1A3B3943727}.Release|Any CPU.Deploy.0 = Release|Any CPU
		{98D77392-A1C1-4AB8-AE5A-E1A3B3943727}.Release|iPhone.ActiveCfg = Release|Any CPU
		{98D77392-A1C1-4AB8-AE5A-E1A3B3943727}.Release|iPhone.Build.0 = Release|Any CPU
		{98D77392-A1C1-4AB8-AE5A-E1A3B3943727}.Release|iPhone.Deploy.0 = Release|Any CPU
		{98D77392-A1C1-4AB8-AE5A-E1A3B3943727}.Release|iPhoneSimulator.ActiveCfg = Release|Any CPU
		{98D77392-A1C1-4AB8-AE5A-E1A3B3943727}.Release|iPhoneSimulator.Build.0 = Release|Any CPU
		{98D77392-A1C1-4AB8-AE5A-E1A3B3943727}.Release|iPhoneSimulator.Deploy.0 = Release|Any CPU
		{CCE6D8CD-AF66-4A68-ACB0-B1E24A5C15EA}.Ad-Hoc|Any CPU.ActiveCfg = Ad-Hoc|iPhone
		{CCE6D8CD-AF66-4A68-ACB0-B1E24A5C15EA}.Ad-Hoc|iPhone.ActiveCfg = Ad-Hoc|iPhone
		{CCE6D8CD-AF66-4A68-ACB0-B1E24A5C15EA}.Ad-Hoc|iPhone.Build.0 = Ad-Hoc|iPhone
		{CCE6D8CD-AF66-4A68-ACB0-B1E24A5C15EA}.Ad-Hoc|iPhoneSimulator.ActiveCfg = Ad-Hoc|iPhoneSimulator
		{CCE6D8CD-AF66-4A68-ACB0-B1E24A5C15EA}.Ad-Hoc|iPhoneSimulator.Build.0 = Ad-Hoc|iPhoneSimulator
		{CCE6D8CD-AF66-4A68-ACB0-B1E24A5C15EA}.AppStore|Any CPU.ActiveCfg = AppStore|iPhone
		{CCE6D8CD-AF66-4A68-ACB0-B1E24A5C15EA}.AppStore|iPhone.ActiveCfg = AppStore|iPhone
		{CCE6D8CD-AF66-4A68-ACB0-B1E24A5C15EA}.AppStore|iPhone.Build.0 = AppStore|iPhone
		{CCE6D8CD-AF66-4A68-ACB0-B1E24A5C15EA}.AppStore|iPhoneSimulator.ActiveCfg = AppStore|iPhoneSimulator
		{CCE6D8CD-AF66-4A68-ACB0-B1E24A5C15EA}.AppStore|iPhoneSimulator.Build.0 = AppStore|iPhoneSimulator
		{CCE6D8CD-AF66-4A68-ACB0-B1E24A5C15EA}.Debug|Any CPU.ActiveCfg = Debug|iPhone
		{CCE6D8CD-AF66-4A68-ACB0-B1E24A5C15EA}.Debug|iPhone.ActiveCfg = Debug|iPhone
		{CCE6D8CD-AF66-4A68-ACB0-B1E24A5C15EA}.Debug|iPhone.Build.0 = Debug|iPhone
		{CCE6D8CD-AF66-4A68-ACB0-B1E24A5C15EA}.Debug|iPhoneSimulator.ActiveCfg = Debug|iPhoneSimulator
		{CCE6D8CD-AF66-4A68-ACB0-B1E24A5C15EA}.Debug|iPhoneSimulator.Build.0 = Debug|iPhoneSimulator
		{CCE6D8CD-AF66-4A68-ACB0-B1E24A5C15EA}.Release|Any CPU.ActiveCfg = Release|iPhone
		{CCE6D8CD-AF66-4A68-ACB0-B1E24A5C15EA}.Release|iPhone.ActiveCfg = Release|iPhone
		{CCE6D8CD-AF66-4A68-ACB0-B1E24A5C15EA}.Release|iPhone.Build.0 = Release|iPhone
		{CCE6D8CD-AF66-4A68-ACB0-B1E24A5C15EA}.Release|iPhoneSimulator.ActiveCfg = Release|iPhoneSimulator
		{CCE6D8CD-AF66-4A68-ACB0-B1E24A5C15EA}.Release|iPhoneSimulator.Build.0 = Release|iPhoneSimulator
		{3023A8CE-2FA3-4A5E-A220-35BA785F8171}.Ad-Hoc|Any CPU.ActiveCfg = Debug|Any CPU
		{3023A8CE-2FA3-4A5E-A220-35BA785F8171}.Ad-Hoc|Any CPU.Build.0 = Debug|Any CPU
		{3023A8CE-2FA3-4A5E-A220-35BA785F8171}.Ad-Hoc|iPhone.ActiveCfg = Debug|Any CPU
		{3023A8CE-2FA3-4A5E-A220-35BA785F8171}.Ad-Hoc|iPhone.Build.0 = Debug|Any CPU
		{3023A8CE-2FA3-4A5E-A220-35BA785F8171}.Ad-Hoc|iPhoneSimulator.ActiveCfg = Debug|Any CPU
		{3023A8CE-2FA3-4A5E-A220-35BA785F8171}.Ad-Hoc|iPhoneSimulator.Build.0 = Debug|Any CPU
		{3023A8CE-2FA3-4A5E-A220-35BA785F8171}.AppStore|Any CPU.ActiveCfg = Debug|Any CPU
		{3023A8CE-2FA3-4A5E-A220-35BA785F8171}.AppStore|Any CPU.Build.0 = Debug|Any CPU
		{3023A8CE-2FA3-4A5E-A220-35BA785F8171}.AppStore|iPhone.ActiveCfg = Debug|Any CPU
		{3023A8CE-2FA3-4A5E-A220-35BA785F8171}.AppStore|iPhone.Build.0 = Debug|Any CPU
		{3023A8CE-2FA3-4A5E-A220-35BA785F8171}.AppStore|iPhoneSimulator.ActiveCfg = Debug|Any CPU
		{3023A8CE-2FA3-4A5E-A220-35BA785F8171}.AppStore|iPhoneSimulator.Build.0 = Debug|Any CPU
		{3023A8CE-2FA3-4A5E-A220-35BA785F8171}.Debug|Any CPU.ActiveCfg = Debug|Any CPU
		{3023A8CE-2FA3-4A5E-A220-35BA785F8171}.Debug|Any CPU.Build.0 = Debug|Any CPU
		{3023A8CE-2FA3-4A5E-A220-35BA785F8171}.Debug|iPhone.ActiveCfg = Debug|Any CPU
		{3023A8CE-2FA3-4A5E-A220-35BA785F8171}.Debug|iPhone.Build.0 = Debug|Any CPU
		{3023A8CE-2FA3-4A5E-A220-35BA785F8171}.Debug|iPhoneSimulator.ActiveCfg = Debug|Any CPU
		{3023A8CE-2FA3-4A5E-A220-35BA785F8171}.Debug|iPhoneSimulator.Build.0 = Debug|Any CPU
		{3023A8CE-2FA3-4A5E-A220-35BA785F8171}.Release|Any CPU.ActiveCfg = Release|Any CPU
		{3023A8CE-2FA3-4A5E-A220-35BA785F8171}.Release|Any CPU.Build.0 = Release|Any CPU
		{3023A8CE-2FA3-4A5E-A220-35BA785F8171}.Release|iPhone.ActiveCfg = Release|Any CPU
		{3023A8CE-2FA3-4A5E-A220-35BA785F8171}.Release|iPhone.Build.0 = Release|Any CPU
		{3023A8CE-2FA3-4A5E-A220-35BA785F8171}.Release|iPhoneSimulator.ActiveCfg = Release|Any CPU
		{3023A8CE-2FA3-4A5E-A220-35BA785F8171}.Release|iPhoneSimulator.Build.0 = Release|Any CPU
	EndGlobalSection
	GlobalSection(SolutionProperties) = preSolution
		HideSolutionNode = FALSE
	EndGlobalSection
	GlobalSection(ExtensibilityGlobals) = postSolution
		SolutionGuid = {440E9397-7738-47E0-901E-3229CBCD6D56}
	EndGlobalSection
EndGlobal
